{
  "projects": [
    {
      "projectId": "a8YFUxgfWi7wVnE4zUTdHu",
      "version": "latest",
      "dependencies": {},
      "lang": "ts",
      "fileLocks": [
        {
          "type": "globalVariant",
          "assetId": "9UDyiizdylhVu",
          "checksum": "8e397e70e3c5a4dd87faad9ad5dbc83f"
        },
        {
          "type": "renderModule",
          "assetId": "la6dku6osJKV",
          "checksum": "b7ae2103d49587a37d40ad7fcee26274"
        },
        {
          "type": "cssRules",
          "assetId": "la6dku6osJKV",
          "checksum": "b7ae2103d49587a37d40ad7fcee26274"
        },
        {
          "type": "renderModule",
          "assetId": "P_Sp_1dQVxN",
          "checksum": "26b77cead66380d3b6da4ece61118453"
        },
        {
          "type": "cssRules",
          "assetId": "P_Sp_1dQVxN",
          "checksum": "26b77cead66380d3b6da4ece61118453"
        },
        {
          "type": "renderModule",
          "assetId": "KPplLXex2y",
          "checksum": "f024fcf67929b1aca4f01ebb74dee9da"
        },
        {
          "type": "cssRules",
          "assetId": "KPplLXex2y",
          "checksum": "f024fcf67929b1aca4f01ebb74dee9da"
        },
        {
          "type": "renderModule",
          "assetId": "fVoibZa2HhV",
          "checksum": "d4630def48c6d2e51357a55e7be68f8b"
        },
        {
          "type": "cssRules",
          "assetId": "fVoibZa2HhV",
          "checksum": "d4630def48c6d2e51357a55e7be68f8b"
        },
        {
          "type": "icon",
          "assetId": "RgzVS264hj5",
          "checksum": "b309d62781b7e20b2678923083bae69f"
        },
        {
          "type": "icon",
          "assetId": "WOPiH_ZD-nn",
          "checksum": "24aa3416a7d4efa3d532f24b075d817e"
        },
        {
          "type": "icon",
          "assetId": "snzorMKzcC0",
          "checksum": "c80ccd987d9e5882b21d5153cbc8f23b"
        },
        {
          "assetId": "a8YFUxgfWi7wVnE4zUTdHu",
          "type": "projectCss",
          "checksum": "8f0d90534b46eea6ede33e83a27f8653"
        },
        {
          "type": "renderModule",
          "assetId": "HLdMCApIJR",
          "checksum": "fd5fbbe8dfa0bb76c94e79ce89a12101"
        },
        {
          "type": "cssRules",
          "assetId": "HLdMCApIJR",
          "checksum": "fd5fbbe8dfa0bb76c94e79ce89a12101"
        },
        {
          "type": "icon",
          "assetId": "Lf-rUrGG8DQ",
          "checksum": "11d3e37275a6d63a48161fcded67ef74"
        },
        {
          "type": "icon",
          "assetId": "_V-bKrveTkE",
          "checksum": "e9867abc8df84b7bbc0cfdf4ffba424c"
        },
        {
          "type": "icon",
          "assetId": "jHTGMgxyK6p",
          "checksum": "1bd8d4dd322ed6196b3d24f5d463f334"
        },
        {
          "type": "icon",
          "assetId": "DaMXTT5snq2",
          "checksum": "31645bb9f70a5a685cc14726e5b5389c"
        },
        {
          "type": "image",
          "assetId": "iEAJdxJa9cZ",
          "checksum": "69cb80e49eeacad525abf1b468d8c1da"
        },
        {
          "type": "image",
          "assetId": "HMX1MFOxvj0",
          "checksum": "410389f3efd5102398e70b995aea1d56"
        },
        {
          "type": "image",
          "assetId": "p1A_W3Qdbqm",
          "checksum": "26e3bf721a0babc8d65c81769b956dd9"
        }
      ],
      "codegenVersion": "0.0.1"
    }
  ],
  "cliVersion": "0.1.186"
}
